
Microsoft Visual Studio Solution File, Format Version 11.00
# Visual Studio 2010
Project("{FAE04EC0-301F-11D3-BF4B-00C04F79EFBC}") = "DevOPSEvaluation", "DevOPSEvaluation\DevOPSEvaluation.csproj", "{5EBA0E55-8C62-44FE-A073-DCB6E81BD295}"
EndProject
Project("{FAE04EC0-301F-11D3-BF4B-00C04F79EFBC}") = "Bank", "..\Bank\Bank\Bank.csproj", "{9FF2E944-A73B-4726-A638-9737F02B7530}"
EndProject
Project("{FAE04EC0-301F-11D3-BF4B-00C04F79EFBC}") = "BankTests", "..\Bank\BankTests\BankTests.csproj", "{ED376CC0-A838-48BF-8C94-EC0523D6B934}"
EndProject
Global
	GlobalSection(SolutionConfigurationPlatforms) = preSolution
		Debug|Any CPU = Debug|Any CPU
		Release|Any CPU = Release|Any CPU
	EndGlobalSection
	GlobalSection(ProjectConfigurationPlatforms) = postSolution
		{5EBA0E55-8C62-44FE-A073-DCB6E81BD295}.Debug|Any CPU.ActiveCfg = Debug|Any CPU
		{5EBA0E55-8C62-44FE-A073-DCB6E81BD295}.Debug|Any CPU.Build.0 = Debug|Any CPU
		{5EBA0E55-8C62-44FE-A073-DCB6E81BD295}.Release|Any CPU.ActiveCfg = Release|Any CPU
		{5EBA0E55-8C62-44FE-A073-DCB6E81BD295}.Release|Any CPU.Build.0 = Release|Any CPU
		{9FF2E944-A73B-4726-A638-9737F02B7530}.Debug|Any CPU.ActiveCfg = Debug|Any CPU
		{9FF2E944-A73B-4726-A638-9737F02B7530}.Debug|Any CPU.Build.0 = Debug|Any CPU
		{9FF2E944-A73B-4726-A638-9737F02B7530}.Release|Any CPU.ActiveCfg = Release|Any CPU
		{9FF2E944-A73B-4726-A638-9737F02B7530}.Release|Any CPU.Build.0 = Release|Any CPU
		{ED376CC0-A838-48BF-8C94-EC0523D6B934}.Debug|Any CPU.ActiveCfg = Debug|Any CPU
		{ED376CC0-A838-48BF-8C94-EC0523D6B934}.Debug|Any CPU.Build.0 = Debug|Any CPU
		{ED376CC0-A838-48BF-8C94-EC0523D6B934}.Release|Any CPU.ActiveCfg = Release|Any CPU
		{ED376CC0-A838-48BF-8C94-EC0523D6B934}.Release|Any CPU.Build.0 = Release|Any CPU
	EndGlobalSection
	GlobalSection(SolutionProperties) = preSolution
		HideSolutionNode = FALSE
	EndGlobalSection
EndGlobal
